<?xml version="1.0" encoding="utf-8"?>
<Project ToolsVersion="4.0" xmlns="http://schemas.microsoft.com/developer/msbuild/2003">
  <ItemGroup>
    <Filter Include="Base">
      <UniqueIdentifier>{60EC827C-4C23-840D-F50F-6A10E125000F}</UniqueIdentifier>
    </Filter>
    <Filter Include="FruchtermanReingold">
      <UniqueIdentifier>{1872F51C-84D3-D22A-0D41-19DD79A109EA}</UniqueIdentifier>
    </Filter>
    <Filter Include="Graph">
      <UniqueIdentifier>{97FA430D-030F-6CBE-CC90-0F1E386468EF}</UniqueIdentifier>
    </Filter>
  </ItemGroup>
  <ItemGroup>
    <ClInclude Include="src\Base\RandomValues.h">
      <Filter>Base</Filter>
    </ClInclude>
    <ClInclude Include="src\Base\Vector2.h">
      <Filter>Base</Filter>
    </ClInclude>
    <ClInclude Include="src\FruchtermanReingold\FruchtermanReingold.h">
      <Filter>FruchtermanReingold</Filter>
    </ClInclude>
    <ClInclude Include="src\FruchtermanReingold\FruchtermanReingoldVertex.h">
      <Filter>FruchtermanReingold</Filter>
    </ClInclude>
    <ClInclude Include="src\Graph\Graph.h">
      <Filter>Graph</Filter>
    </ClInclude>
    <ClInclude Include="src\Layout\Layout.h" />
    <ClInclude Include="src\Graph\IGraph.h" />
  </ItemGroup>
  <ItemGroup>
    <ClCompile Include="src\FruchtermanReingold\FruchtermanReingold.cpp">
      <Filter>FruchtermanReingold</Filter>
    </ClCompile>
    <ClCompile Include="src\FruchtermanReingold\FruchtermanReingoldVertex.cpp">
      <Filter>FruchtermanReingold</Filter>
    </ClCompile>
    <ClCompile Include="src\Graph\Graph.cpp">
      <Filter>Graph</Filter>
    </ClCompile>
    <ClCompile Include="src\Layout\Layout.cpp" />
    <ClCompile Include="src\Graph\IGraph.cpp" />
  </ItemGroup>
</Project>